// !$*UTF8*$!
{
	archiveVersion = 1;
	classes = {
	};
	objectVersion = 46;
	objects = {

/* Begin PBXBuildFile section */
		6835BCC41CA55C9000316F14 /* Country.m in Sources */ = {isa = PBXBuildFile; fileRef = 6835BCC31CA55C9000316F14 /* Country.m */; };
		6835BCC71CA55ED500316F14 /* DataManager.m in Sources */ = {isa = PBXBuildFile; fileRef = 6835BCC61CA55ED500316F14 /* DataManager.m */; };
		6835BCCA1CA59B6000316F14 /* CoreDataTableViewController.m in Sources */ = {isa = PBXBuildFile; fileRef = 6835BCC91CA59B6000316F14 /* CoreDataTableViewController.m */; };
		6835BCCC1CA5A39300316F14 /* TakeMeToTrip.json in Resources */ = {isa = PBXBuildFile; fileRef = 6835BCCB1CA5A39300316F14 /* TakeMeToTrip.json */; };
		6835BCCF1CA5CD1B00316F14 /* CountriesController.m in Sources */ = {isa = PBXBuildFile; fileRef = 6835BCCE1CA5CD1B00316F14 /* CountriesController.m */; };
		6835BCF91CA5DC9900316F14 /* AFHTTPRequestOperation.m in Sources */ = {isa = PBXBuildFile; fileRef = 6835BCD41CA5DC9900316F14 /* AFHTTPRequestOperation.m */; };
		6835BCFA1CA5DC9900316F14 /* AFHTTPRequestOperationManager.m in Sources */ = {isa = PBXBuildFile; fileRef = 6835BCD61CA5DC9900316F14 /* AFHTTPRequestOperationManager.m */; };
		6835BCFB1CA5DC9900316F14 /* AFHTTPSessionManager.m in Sources */ = {isa = PBXBuildFile; fileRef = 6835BCD81CA5DC9900316F14 /* AFHTTPSessionManager.m */; };
		6835BCFC1CA5DC9900316F14 /* AFNetworkReachabilityManager.m in Sources */ = {isa = PBXBuildFile; fileRef = 6835BCDB1CA5DC9900316F14 /* AFNetworkReachabilityManager.m */; };
		6835BCFD1CA5DC9900316F14 /* AFSecurityPolicy.m in Sources */ = {isa = PBXBuildFile; fileRef = 6835BCDD1CA5DC9900316F14 /* AFSecurityPolicy.m */; };
		6835BCFE1CA5DC9900316F14 /* AFURLConnectionOperation.m in Sources */ = {isa = PBXBuildFile; fileRef = 6835BCDF1CA5DC9900316F14 /* AFURLConnectionOperation.m */; };
		6835BCFF1CA5DC9900316F14 /* AFURLRequestSerialization.m in Sources */ = {isa = PBXBuildFile; fileRef = 6835BCE11CA5DC9900316F14 /* AFURLRequestSerialization.m */; };
		6835BD001CA5DC9900316F14 /* AFURLResponseSerialization.m in Sources */ = {isa = PBXBuildFile; fileRef = 6835BCE31CA5DC9900316F14 /* AFURLResponseSerialization.m */; };
		6835BD011CA5DC9900316F14 /* AFURLSessionManager.m in Sources */ = {isa = PBXBuildFile; fileRef = 6835BCE51CA5DC9900316F14 /* AFURLSessionManager.m */; };
		6835BD021CA5DC9900316F14 /* AFNetworkActivityIndicatorManager.m in Sources */ = {isa = PBXBuildFile; fileRef = 6835BCE81CA5DC9900316F14 /* AFNetworkActivityIndicatorManager.m */; };
		6835BD031CA5DC9900316F14 /* UIActivityIndicatorView+AFNetworking.m in Sources */ = {isa = PBXBuildFile; fileRef = 6835BCEA1CA5DC9900316F14 /* UIActivityIndicatorView+AFNetworking.m */; };
		6835BD041CA5DC9900316F14 /* UIAlertView+AFNetworking.m in Sources */ = {isa = PBXBuildFile; fileRef = 6835BCEC1CA5DC9900316F14 /* UIAlertView+AFNetworking.m */; };
		6835BD051CA5DC9900316F14 /* UIButton+AFNetworking.m in Sources */ = {isa = PBXBuildFile; fileRef = 6835BCEE1CA5DC9900316F14 /* UIButton+AFNetworking.m */; };
		6835BD061CA5DC9900316F14 /* UIImageView+AFNetworking.m in Sources */ = {isa = PBXBuildFile; fileRef = 6835BCF11CA5DC9900316F14 /* UIImageView+AFNetworking.m */; };
		6835BD071CA5DC9900316F14 /* UIProgressView+AFNetworking.m in Sources */ = {isa = PBXBuildFile; fileRef = 6835BCF41CA5DC9900316F14 /* UIProgressView+AFNetworking.m */; };
		6835BD081CA5DC9900316F14 /* UIRefreshControl+AFNetworking.m in Sources */ = {isa = PBXBuildFile; fileRef = 6835BCF61CA5DC9900316F14 /* UIRefreshControl+AFNetworking.m */; };
		6835BD091CA5DC9900316F14 /* UIWebView+AFNetworking.m in Sources */ = {isa = PBXBuildFile; fileRef = 6835BCF81CA5DC9900316F14 /* UIWebView+AFNetworking.m */; };
		68D83A1A1CA6352700561D89 /* PickController.m in Sources */ = {isa = PBXBuildFile; fileRef = 68D83A191CA6352700561D89 /* PickController.m */; };
		68D83A231CA63B0800561D89 /* 0.gif in Resources */ = {isa = PBXBuildFile; fileRef = 68D83A1C1CA63B0800561D89 /* 0.gif */; };
		68D83A241CA63B0800561D89 /* 1.gif in Resources */ = {isa = PBXBuildFile; fileRef = 68D83A1D1CA63B0800561D89 /* 1.gif */; };
		68D83A251CA63B0800561D89 /* 2.gif in Resources */ = {isa = PBXBuildFile; fileRef = 68D83A1E1CA63B0800561D89 /* 2.gif */; };
		68D83A261CA63B0800561D89 /* 3.gif in Resources */ = {isa = PBXBuildFile; fileRef = 68D83A1F1CA63B0800561D89 /* 3.gif */; };
		68D83A271CA63B0800561D89 /* 4.gif in Resources */ = {isa = PBXBuildFile; fileRef = 68D83A201CA63B0800561D89 /* 4.gif */; };
		68D83A281CA63B0800561D89 /* 5.gif in Resources */ = {isa = PBXBuildFile; fileRef = 68D83A211CA63B0800561D89 /* 5.gif */; };
		68D83A291CA63B0800561D89 /* 6.gif in Resources */ = {isa = PBXBuildFile; fileRef = 68D83A221CA63B0800561D89 /* 6.gif */; };
		68D83A2B1CA63D9300561D89 /* MapKit.framework in Frameworks */ = {isa = PBXBuildFile; fileRef = 68D83A2A1CA63D9300561D89 /* MapKit.framework */; };
		68DF737D1CA5577A00F55328 /* main.m in Sources */ = {isa = PBXBuildFile; fileRef = 68DF737C1CA5577A00F55328 /* main.m */; };
		68DF73801CA5577A00F55328 /* AppDelegate.m in Sources */ = {isa = PBXBuildFile; fileRef = 68DF737F1CA5577A00F55328 /* AppDelegate.m */; };
		68DF73831CA5577B00F55328 /* TownsController.m in Sources */ = {isa = PBXBuildFile; fileRef = 68DF73821CA5577B00F55328 /* TownsController.m */; };
		68DF73861CA5577B00F55328 /* Main.storyboard in Resources */ = {isa = PBXBuildFile; fileRef = 68DF73841CA5577B00F55328 /* Main.storyboard */; };
		68DF73891CA5577B00F55328 /* HackatoN.xcdatamodeld in Sources */ = {isa = PBXBuildFile; fileRef = 68DF73871CA5577B00F55328 /* HackatoN.xcdatamodeld */; };
		68DF738B1CA5577B00F55328 /* Assets.xcassets in Resources */ = {isa = PBXBuildFile; fileRef = 68DF738A1CA5577B00F55328 /* Assets.xcassets */; };
		68DF738E1CA5577B00F55328 /* LaunchScreen.storyboard in Resources */ = {isa = PBXBuildFile; fileRef = 68DF738C1CA5577B00F55328 /* LaunchScreen.storyboard */; };
		68DF73991CA5577B00F55328 /* HackatoNTests.m in Sources */ = {isa = PBXBuildFile; fileRef = 68DF73981CA5577B00F55328 /* HackatoNTests.m */; };
		68DF73A41CA5577B00F55328 /* HackatoNUITests.m in Sources */ = {isa = PBXBuildFile; fileRef = 68DF73A31CA5577B00F55328 /* HackatoNUITests.m */; };
		68DF73B61CA55A0F00F55328 /* Town.m in Sources */ = {isa = PBXBuildFile; fileRef = 68DF73B51CA55A0F00F55328 /* Town.m */; };
/* End PBXBuildFile section */

/* Begin PBXContainerItemProxy section */
		68DF73951CA5577B00F55328 /* PBXContainerItemProxy */ = {
			isa = PBXContainerItemProxy;
			containerPortal = 68DF73701CA5577A00F55328 /* Project object */;
			proxyType = 1;
			remoteGlobalIDString = 68DF73771CA5577A00F55328;
			remoteInfo = HackatoN;
		};
		68DF73A01CA5577B00F55328 /* PBXContainerItemProxy */ = {
			isa = PBXContainerItemProxy;
			containerPortal = 68DF73701CA5577A00F55328 /* Project object */;
			proxyType = 1;
			remoteGlobalIDString = 68DF73771CA5577A00F55328;
			remoteInfo = HackatoN;
		};
/* End PBXContainerItemProxy section */

/* Begin PBXFileReference section */
		6835BCC11CA55C9000316F14 /* Country+CoreDataProperties.h */ = {isa = PBXFileReference; fileEncoding = 4; lastKnownFileType = sourcecode.c.h; path = "Country+CoreDataProperties.h"; sourceTree = "<group>"; };
		6835BCC21CA55C9000316F14 /* Country.h */ = {isa = PBXFileReference; fileEncoding = 4; lastKnownFileType = sourcecode.c.h; path = Country.h; sourceTree = "<group>"; };
		6835BCC31CA55C9000316F14 /* Country.m */ = {isa = PBXFileReference; fileEncoding = 4; lastKnownFileType = sourcecode.c.objc; path = Country.m; sourceTree = "<group>"; };
		6835BCC51CA55ED500316F14 /* DataManager.h */ = {isa = PBXFileReference; fileEncoding = 4; lastKnownFileType = sourcecode.c.h; path = DataManager.h; sourceTree = "<group>"; };
		6835BCC61CA55ED500316F14 /* DataManager.m */ = {isa = PBXFileReference; fileEncoding = 4; lastKnownFileType = sourcecode.c.objc; path = DataManager.m; sourceTree = "<group>"; };
		6835BCC81CA59B6000316F14 /* CoreDataTableViewController.h */ = {isa = PBXFileReference; fileEncoding = 4; lastKnownFileType = sourcecode.c.h; path = CoreDataTableViewController.h; sourceTree = "<group>"; };
		6835BCC91CA59B6000316F14 /* CoreDataTableViewController.m */ = {isa = PBXFileReference; fileEncoding = 4; lastKnownFileType = sourcecode.c.objc; path = CoreDataTableViewController.m; sourceTree = "<group>"; };
		6835BCCB1CA5A39300316F14 /* TakeMeToTrip.json */ = {isa = PBXFileReference; fileEncoding = 4; lastKnownFileType = text.json; path = TakeMeToTrip.json; sourceTree = "<group>"; };
		6835BCCD1CA5CD1B00316F14 /* CountriesController.h */ = {isa = PBXFileReference; fileEncoding = 4; lastKnownFileType = sourcecode.c.h; path = CountriesController.h; sourceTree = "<group>"; };
		6835BCCE1CA5CD1B00316F14 /* CountriesController.m */ = {isa = PBXFileReference; fileEncoding = 4; lastKnownFileType = sourcecode.c.objc; path = CountriesController.m; sourceTree = "<group>"; };
		6835BCD31CA5DC9900316F14 /* AFHTTPRequestOperation.h */ = {isa = PBXFileReference; fileEncoding = 4; lastKnownFileType = sourcecode.c.h; path = AFHTTPRequestOperation.h; sourceTree = "<group>"; };
		6835BCD41CA5DC9900316F14 /* AFHTTPRequestOperation.m */ = {isa = PBXFileReference; fileEncoding = 4; lastKnownFileType = sourcecode.c.objc; path = AFHTTPRequestOperation.m; sourceTree = "<group>"; };
		6835BCD51CA5DC9900316F14 /* AFHTTPRequestOperationManager.h */ = {isa = PBXFileReference; fileEncoding = 4; lastKnownFileType = sourcecode.c.h; path = AFHTTPRequestOperationManager.h; sourceTree = "<group>"; };
		6835BCD61CA5DC9900316F14 /* AFHTTPRequestOperationManager.m */ = {isa = PBXFileReference; fileEncoding = 4; lastKnownFileType = sourcecode.c.objc; path = AFHTTPRequestOperationManager.m; sourceTree = "<group>"; };
		6835BCD71CA5DC9900316F14 /* AFHTTPSessionManager.h */ = {isa = PBXFileReference; fileEncoding = 4; lastKnownFileType = sourcecode.c.h; path = AFHTTPSessionManager.h; sourceTree = "<group>"; };
		6835BCD81CA5DC9900316F14 /* AFHTTPSessionManager.m */ = {isa = PBXFileReference; fileEncoding = 4; lastKnownFileType = sourcecode.c.objc; path = AFHTTPSessionManager.m; sourceTree = "<group>"; };
		6835BCD91CA5DC9900316F14 /* AFNetworking.h */ = {isa = PBXFileReference; fileEncoding = 4; lastKnownFileType = sourcecode.c.h; path = AFNetworking.h; sourceTree = "<group>"; };
		6835BCDA1CA5DC9900316F14 /* AFNetworkReachabilityManager.h */ = {isa = PBXFileReference; fileEncoding = 4; lastKnownFileType = sourcecode.c.h; path = AFNetworkReachabilityManager.h; sourceTree = "<group>"; };
		6835BCDB1CA5DC9900316F14 /* AFNetworkReachabilityManager.m */ = {isa = PBXFileReference; fileEncoding = 4; lastKnownFileType = sourcecode.c.objc; path = AFNetworkReachabilityManager.m; sourceTree = "<group>"; };
		6835BCDC1CA5DC9900316F14 /* AFSecurityPolicy.h */ = {isa = PBXFileReference; fileEncoding = 4; lastKnownFileType = sourcecode.c.h; path = AFSecurityPolicy.h; sourceTree = "<group>"; };
		6835BCDD1CA5DC9900316F14 /* AFSecurityPolicy.m */ = {isa = PBXFileReference; fileEncoding = 4; lastKnownFileType = sourcecode.c.objc; path = AFSecurityPolicy.m; sourceTree = "<group>"; };
		6835BCDE1CA5DC9900316F14 /* AFURLConnectionOperation.h */ = {isa = PBXFileReference; fileEncoding = 4; lastKnownFileType = sourcecode.c.h; path = AFURLConnectionOperation.h; sourceTree = "<group>"; };
		6835BCDF1CA5DC9900316F14 /* AFURLConnectionOperation.m */ = {isa = PBXFileReference; fileEncoding = 4; lastKnownFileType = sourcecode.c.objc; path = AFURLConnectionOperation.m; sourceTree = "<group>"; };
		6835BCE01CA5DC9900316F14 /* AFURLRequestSerialization.h */ = {isa = PBXFileReference; fileEncoding = 4; lastKnownFileType = sourcecode.c.h; path = AFURLRequestSerialization.h; sourceTree = "<group>"; };
		6835BCE11CA5DC9900316F14 /* AFURLRequestSerialization.m */ = {isa = PBXFileReference; fileEncoding = 4; lastKnownFileType = sourcecode.c.objc; path = AFURLRequestSerialization.m; sourceTree = "<group>"; };
		6835BCE21CA5DC9900316F14 /* AFURLResponseSerialization.h */ = {isa = PBXFileReference; fileEncoding = 4; lastKnownFileType = sourcecode.c.h; path = AFURLResponseSerialization.h; sourceTree = "<group>"; };
		6835BCE31CA5DC9900316F14 /* AFURLResponseSerialization.m */ = {isa = PBXFileReference; fileEncoding = 4; lastKnownFileType = sourcecode.c.objc; path = AFURLResponseSerialization.m; sourceTree = "<group>"; };
		6835BCE41CA5DC9900316F14 /* AFURLSessionManager.h */ = {isa = PBXFileReference; fileEncoding = 4; lastKnownFileType = sourcecode.c.h; path = AFURLSessionManager.h; sourceTree = "<group>"; };
		6835BCE51CA5DC9900316F14 /* AFURLSessionManager.m */ = {isa = PBXFileReference; fileEncoding = 4; lastKnownFileType = sourcecode.c.objc; path = AFURLSessionManager.m; sourceTree = "<group>"; };
		6835BCE71CA5DC9900316F14 /* AFNetworkActivityIndicatorManager.h */ = {isa = PBXFileReference; fileEncoding = 4; lastKnownFileType = sourcecode.c.h; path = AFNetworkActivityIndicatorManager.h; sourceTree = "<group>"; };
		6835BCE81CA5DC9900316F14 /* AFNetworkActivityIndicatorManager.m */ = {isa = PBXFileReference; fileEncoding = 4; lastKnownFileType = sourcecode.c.objc; path = AFNetworkActivityIndicatorManager.m; sourceTree = "<group>"; };
		6835BCE91CA5DC9900316F14 /* UIActivityIndicatorView+AFNetworking.h */ = {isa = PBXFileReference; fileEncoding = 4; lastKnownFileType = sourcecode.c.h; path = "UIActivityIndicatorView+AFNetworking.h"; sourceTree = "<group>"; };
		6835BCEA1CA5DC9900316F14 /* UIActivityIndicatorView+AFNetworking.m */ = {isa = PBXFileReference; fileEncoding = 4; lastKnownFileType = sourcecode.c.objc; path = "UIActivityIndicatorView+AFNetworking.m"; sourceTree = "<group>"; };
		6835BCEB1CA5DC9900316F14 /* UIAlertView+AFNetworking.h */ = {isa = PBXFileReference; fileEncoding = 4; lastKnownFileType = sourcecode.c.h; path = "UIAlertView+AFNetworking.h"; sourceTree = "<group>"; };
		6835BCEC1CA5DC9900316F14 /* UIAlertView+AFNetworking.m */ = {isa = PBXFileReference; fileEncoding = 4; lastKnownFileType = sourcecode.c.objc; path = "UIAlertView+AFNetworking.m"; sourceTree = "<group>"; };
		6835BCED1CA5DC9900316F14 /* UIButton+AFNetworking.h */ = {isa = PBXFileReference; fileEncoding = 4; lastKnownFileType = sourcecode.c.h; path = "UIButton+AFNetworking.h"; sourceTree = "<group>"; };
		6835BCEE1CA5DC9900316F14 /* UIButton+AFNetworking.m */ = {isa = PBXFileReference; fileEncoding = 4; lastKnownFileType = sourcecode.c.objc; path = "UIButton+AFNetworking.m"; sourceTree = "<group>"; };
		6835BCEF1CA5DC9900316F14 /* UIImage+AFNetworking.h */ = {isa = PBXFileReference; fileEncoding = 4; lastKnownFileType = sourcecode.c.h; path = "UIImage+AFNetworking.h"; sourceTree = "<group>"; };
		6835BCF01CA5DC9900316F14 /* UIImageView+AFNetworking.h */ = {isa = PBXFileReference; fileEncoding = 4; lastKnownFileType = sourcecode.c.h; path = "UIImageView+AFNetworking.h"; sourceTree = "<group>"; };
		6835BCF11CA5DC9900316F14 /* UIImageView+AFNetworking.m */ = {isa = PBXFileReference; fileEncoding = 4; lastKnownFileType = sourcecode.c.objc; path = "UIImageView+AFNetworking.m"; sourceTree = "<group>"; };
		6835BCF21CA5DC9900316F14 /* UIKit+AFNetworking.h */ = {isa = PBXFileReference; fileEncoding = 4; lastKnownFileType = sourcecode.c.h; path = "UIKit+AFNetworking.h"; sourceTree = "<group>"; };
		6835BCF31CA5DC9900316F14 /* UIProgressView+AFNetworking.h */ = {isa = PBXFileReference; fileEncoding = 4; lastKnownFileType = sourcecode.c.h; path = "UIProgressView+AFNetworking.h"; sourceTree = "<group>"; };
		6835BCF41CA5DC9900316F14 /* UIProgressView+AFNetworking.m */ = {isa = PBXFileReference; fileEncoding = 4; lastKnownFileType = sourcecode.c.objc; path = "UIProgressView+AFNetworking.m"; sourceTree = "<group>"; };
		6835BCF51CA5DC9900316F14 /* UIRefreshControl+AFNetworking.h */ = {isa = PBXFileReference; fileEncoding = 4; lastKnownFileType = sourcecode.c.h; path = "UIRefreshControl+AFNetworking.h"; sourceTree = "<group>"; };
		6835BCF61CA5DC9900316F14 /* UIRefreshControl+AFNetworking.m */ = {isa = PBXFileReference; fileEncoding = 4; lastKnownFileType = sourcecode.c.objc; path = "UIRefreshControl+AFNetworking.m"; sourceTree = "<group>"; };
		6835BCF71CA5DC9900316F14 /* UIWebView+AFNetworking.h */ = {isa = PBXFileReference; fileEncoding = 4; lastKnownFileType = sourcecode.c.h; path = "UIWebView+AFNetworking.h"; sourceTree = "<group>"; };
		6835BCF81CA5DC9900316F14 /* UIWebView+AFNetworking.m */ = {isa = PBXFileReference; fileEncoding = 4; lastKnownFileType = sourcecode.c.objc; path = "UIWebView+AFNetworking.m"; sourceTree = "<group>"; };
		68D83A181CA6352700561D89 /* PickController.h */ = {isa = PBXFileReference; fileEncoding = 4; lastKnownFileType = sourcecode.c.h; path = PickController.h; sourceTree = "<group>"; };
		68D83A191CA6352700561D89 /* PickController.m */ = {isa = PBXFileReference; fileEncoding = 4; lastKnownFileType = sourcecode.c.objc; path = PickController.m; sourceTree = "<group>"; };
		68D83A1C1CA63B0800561D89 /* 0.gif */ = {isa = PBXFileReference; lastKnownFileType = image.gif; path = 0.gif; sourceTree = "<group>"; };
		68D83A1D1CA63B0800561D89 /* 1.gif */ = {isa = PBXFileReference; lastKnownFileType = image.gif; path = 1.gif; sourceTree = "<group>"; };
		68D83A1E1CA63B0800561D89 /* 2.gif */ = {isa = PBXFileReference; lastKnownFileType = image.gif; path = 2.gif; sourceTree = "<group>"; };
		68D83A1F1CA63B0800561D89 /* 3.gif */ = {isa = PBXFileReference; lastKnownFileType = image.gif; path = 3.gif; sourceTree = "<group>"; };
		68D83A201CA63B0800561D89 /* 4.gif */ = {isa = PBXFileReference; lastKnownFileType = image.gif; path = 4.gif; sourceTree = "<group>"; };
		68D83A211CA63B0800561D89 /* 5.gif */ = {isa = PBXFileReference; lastKnownFileType = image.gif; path = 5.gif; sourceTree = "<group>"; };
		68D83A221CA63B0800561D89 /* 6.gif */ = {isa = PBXFileReference; lastKnownFileType = image.gif; path = 6.gif; sourceTree = "<group>"; };
		68D83A2A1CA63D9300561D89 /* MapKit.framework */ = {isa = PBXFileReference; lastKnownFileType = wrapper.framework; name = MapKit.framework; path = System/Library/Frameworks/MapKit.framework; sourceTree = SDKROOT; };
		68DF73781CA5577A00F55328 /* HackatoN.app */ = {isa = PBXFileReference; explicitFileType = wrapper.application; includeInIndex = 0; path = HackatoN.app; sourceTree = BUILT_PRODUCTS_DIR; };
		68DF737C1CA5577A00F55328 /* main.m */ = {isa = PBXFileReference; lastKnownFileType = sourcecode.c.objc; path = main.m; sourceTree = "<group>"; };
		68DF737E1CA5577A00F55328 /* AppDelegate.h */ = {isa = PBXFileReference; lastKnownFileType = sourcecode.c.h; path = AppDelegate.h; sourceTree = "<group>"; };
		68DF737F1CA5577A00F55328 /* AppDelegate.m */ = {isa = PBXFileReference; lastKnownFileType = sourcecode.c.objc; path = AppDelegate.m; sourceTree = "<group>"; };
		68DF73811CA5577A00F55328 /* TownsController.h */ = {isa = PBXFileReference; lastKnownFileType = sourcecode.c.h; path = TownsController.h; sourceTree = "<group>"; };
		68DF73821CA5577B00F55328 /* TownsController.m */ = {isa = PBXFileReference; lastKnownFileType = sourcecode.c.objc; path = TownsController.m; sourceTree = "<group>"; };
		68DF73851CA5577B00F55328 /* Base */ = {isa = PBXFileReference; lastKnownFileType = file.storyboard; name = Base; path = Base.lproj/Main.storyboard; sourceTree = "<group>"; };
		68DF73881CA5577B00F55328 /* HackatoN.xcdatamodel */ = {isa = PBXFileReference; lastKnownFileType = wrapper.xcdatamodel; path = HackatoN.xcdatamodel; sourceTree = "<group>"; };
		68DF738A1CA5577B00F55328 /* Assets.xcassets */ = {isa = PBXFileReference; lastKnownFileType = folder.assetcatalog; path = Assets.xcassets; sourceTree = "<group>"; };
		68DF738D1CA5577B00F55328 /* Base */ = {isa = PBXFileReference; lastKnownFileType = file.storyboard; name = Base; path = Base.lproj/LaunchScreen.storyboard; sourceTree = "<group>"; };
		68DF738F1CA5577B00F55328 /* Info.plist */ = {isa = PBXFileReference; lastKnownFileType = text.plist.xml; path = Info.plist; sourceTree = "<group>"; };
		68DF73941CA5577B00F55328 /* HackatoNTests.xctest */ = {isa = PBXFileReference; explicitFileType = wrapper.cfbundle; includeInIndex = 0; path = HackatoNTests.xctest; sourceTree = BUILT_PRODUCTS_DIR; };
		68DF73981CA5577B00F55328 /* HackatoNTests.m */ = {isa = PBXFileReference; lastKnownFileType = sourcecode.c.objc; path = HackatoNTests.m; sourceTree = "<group>"; };
		68DF739A1CA5577B00F55328 /* Info.plist */ = {isa = PBXFileReference; lastKnownFileType = text.plist.xml; path = Info.plist; sourceTree = "<group>"; };
		68DF739F1CA5577B00F55328 /* HackatoNUITests.xctest */ = {isa = PBXFileReference; explicitFileType = wrapper.cfbundle; includeInIndex = 0; path = HackatoNUITests.xctest; sourceTree = BUILT_PRODUCTS_DIR; };
		68DF73A31CA5577B00F55328 /* HackatoNUITests.m */ = {isa = PBXFileReference; lastKnownFileType = sourcecode.c.objc; path = HackatoNUITests.m; sourceTree = "<group>"; };
		68DF73A51CA5577B00F55328 /* Info.plist */ = {isa = PBXFileReference; lastKnownFileType = text.plist.xml; path = Info.plist; sourceTree = "<group>"; };
		68DF73B31CA55A0F00F55328 /* Town+CoreDataProperties.h */ = {isa = PBXFileReference; fileEncoding = 4; lastKnownFileType = sourcecode.c.h; path = "Town+CoreDataProperties.h"; sourceTree = "<group>"; };
		68DF73B41CA55A0F00F55328 /* Town.h */ = {isa = PBXFileReference; fileEncoding = 4; lastKnownFileType = sourcecode.c.h; path = Town.h; sourceTree = "<group>"; };
		68DF73B51CA55A0F00F55328 /* Town.m */ = {isa = PBXFileReference; fileEncoding = 4; lastKnownFileType = sourcecode.c.objc; path = Town.m; sourceTree = "<group>"; };
/* End PBXFileReference section */

/* Begin PBXFrameworksBuildPhase section */
		68DF73751CA5577A00F55328 /* Frameworks */ = {
			isa = PBXFrameworksBuildPhase;
			buildActionMask = 2147483647;
			files = (
				68D83A2B1CA63D9300561D89 /* MapKit.framework in Frameworks */,
			);
			runOnlyForDeploymentPostprocessing = 0;
		};
		68DF73911CA5577B00F55328 /* Frameworks */ = {
			isa = PBXFrameworksBuildPhase;
			buildActionMask = 2147483647;
			files = (
			);
			runOnlyForDeploymentPostprocessing = 0;
		};
		68DF739C1CA5577B00F55328 /* Frameworks */ = {
			isa = PBXFrameworksBuildPhase;
			buildActionMask = 2147483647;
			files = (
			);
			runOnlyForDeploymentPostprocessing = 0;
		};
/* End PBXFrameworksBuildPhase section */

/* Begin PBXGroup section */
		6835BCD01CA5CDF200316F14 /* Controllers */ = {
			isa = PBXGroup;
			children = (
				68DF73811CA5577A00F55328 /* TownsController.h */,
				68DF73821CA5577B00F55328 /* TownsController.m */,
				6835BCCD1CA5CD1B00316F14 /* CountriesController.h */,
				6835BCCE1CA5CD1B00316F14 /* CountriesController.m */,
				68D83A181CA6352700561D89 /* PickController.h */,
				68D83A191CA6352700561D89 /* PickController.m */,
			);
			name = Controllers;
			sourceTree = "<group>";
		};
		6835BCD11CA5DC9900316F14 /* Libs */ = {
			isa = PBXGroup;
			children = (
				6835BCD21CA5DC9900316F14 /* AFNetworking */,
				6835BCE61CA5DC9900316F14 /* UIKit+AFNetworking */,
			);
			path = Libs;
			sourceTree = "<group>";
		};
		6835BCD21CA5DC9900316F14 /* AFNetworking */ = {
			isa = PBXGroup;
			children = (
				6835BCD31CA5DC9900316F14 /* AFHTTPRequestOperation.h */,
				6835BCD41CA5DC9900316F14 /* AFHTTPRequestOperation.m */,
				6835BCD51CA5DC9900316F14 /* AFHTTPRequestOperationManager.h */,
				6835BCD61CA5DC9900316F14 /* AFHTTPRequestOperationManager.m */,
				6835BCD71CA5DC9900316F14 /* AFHTTPSessionManager.h */,
				6835BCD81CA5DC9900316F14 /* AFHTTPSessionManager.m */,
				6835BCD91CA5DC9900316F14 /* AFNetworking.h */,
				6835BCDA1CA5DC9900316F14 /* AFNetworkReachabilityManager.h */,
				6835BCDB1CA5DC9900316F14 /* AFNetworkReachabilityManager.m */,
				6835BCDC1CA5DC9900316F14 /* AFSecurityPolicy.h */,
				6835BCDD1CA5DC9900316F14 /* AFSecurityPolicy.m */,
				6835BCDE1CA5DC9900316F14 /* AFURLConnectionOperation.h */,
				6835BCDF1CA5DC9900316F14 /* AFURLConnectionOperation.m */,
				6835BCE01CA5DC9900316F14 /* AFURLRequestSerialization.h */,
				6835BCE11CA5DC9900316F14 /* AFURLRequestSerialization.m */,
				6835BCE21CA5DC9900316F14 /* AFURLResponseSerialization.h */,
				6835BCE31CA5DC9900316F14 /* AFURLResponseSerialization.m */,
				6835BCE41CA5DC9900316F14 /* AFURLSessionManager.h */,
				6835BCE51CA5DC9900316F14 /* AFURLSessionManager.m */,
			);
			path = AFNetworking;
			sourceTree = "<group>";
		};
		6835BCE61CA5DC9900316F14 /* UIKit+AFNetworking */ = {
			isa = PBXGroup;
			children = (
				6835BCE71CA5DC9900316F14 /* AFNetworkActivityIndicatorManager.h */,
				6835BCE81CA5DC9900316F14 /* AFNetworkActivityIndicatorManager.m */,
				6835BCE91CA5DC9900316F14 /* UIActivityIndicatorView+AFNetworking.h */,
				6835BCEA1CA5DC9900316F14 /* UIActivityIndicatorView+AFNetworking.m */,
				6835BCEB1CA5DC9900316F14 /* UIAlertView+AFNetworking.h */,
				6835BCEC1CA5DC9900316F14 /* UIAlertView+AFNetworking.m */,
				6835BCED1CA5DC9900316F14 /* UIButton+AFNetworking.h */,
				6835BCEE1CA5DC9900316F14 /* UIButton+AFNetworking.m */,
				6835BCEF1CA5DC9900316F14 /* UIImage+AFNetworking.h */,
				6835BCF01CA5DC9900316F14 /* UIImageView+AFNetworking.h */,
				6835BCF11CA5DC9900316F14 /* UIImageView+AFNetworking.m */,
				6835BCF21CA5DC9900316F14 /* UIKit+AFNetworking.h */,
				6835BCF31CA5DC9900316F14 /* UIProgressView+AFNetworking.h */,
				6835BCF41CA5DC9900316F14 /* UIProgressView+AFNetworking.m */,
				6835BCF51CA5DC9900316F14 /* UIRefreshControl+AFNetworking.h */,
				6835BCF61CA5DC9900316F14 /* UIRefreshControl+AFNetworking.m */,
				6835BCF71CA5DC9900316F14 /* UIWebView+AFNetworking.h */,
				6835BCF81CA5DC9900316F14 /* UIWebView+AFNetworking.m */,
			);
			path = "UIKit+AFNetworking";
			sourceTree = "<group>";
		};
		68D83A1B1CA63B0800561D89 /* Countries */ = {
			isa = PBXGroup;
			children = (
				68D83A1C1CA63B0800561D89 /* 0.gif */,
				68D83A1D1CA63B0800561D89 /* 1.gif */,
				68D83A1E1CA63B0800561D89 /* 2.gif */,
				68D83A1F1CA63B0800561D89 /* 3.gif */,
				68D83A201CA63B0800561D89 /* 4.gif */,
				68D83A211CA63B0800561D89 /* 5.gif */,
				68D83A221CA63B0800561D89 /* 6.gif */,
			);
			path = Countries;
			sourceTree = "<group>";
		};
		68DF736F1CA5577A00F55328 = {
			isa = PBXGroup;
			children = (
				68D83A2A1CA63D9300561D89 /* MapKit.framework */,
				68DF737A1CA5577A00F55328 /* HackatoN */,
				68DF73971CA5577B00F55328 /* HackatoNTests */,
				68DF73A21CA5577B00F55328 /* HackatoNUITests */,
				68DF73791CA5577A00F55328 /* Products */,
			);
			sourceTree = "<group>";
		};
		68DF73791CA5577A00F55328 /* Products */ = {
			isa = PBXGroup;
			children = (
				68DF73781CA5577A00F55328 /* HackatoN.app */,
				68DF73941CA5577B00F55328 /* HackatoNTests.xctest */,
				68DF739F1CA5577B00F55328 /* HackatoNUITests.xctest */,
			);
			name = Products;
			sourceTree = "<group>";
		};
		68DF737A1CA5577A00F55328 /* HackatoN */ = {
			isa = PBXGroup;
			children = (
				68DF73B21CA559FC00F55328 /* Model */,
				68DF737E1CA5577A00F55328 /* AppDelegate.h */,
				68DF737F1CA5577A00F55328 /* AppDelegate.m */,
				6835BCD01CA5CDF200316F14 /* Controllers */,
				68DF73841CA5577B00F55328 /* Main.storyboard */,
				68DF73B11CA559F100F55328 /* CoreData */,
				68DF737B1CA5577A00F55328 /* Supporting Files */,
			);
			path = HackatoN;
			sourceTree = "<group>";
		};
		68DF737B1CA5577A00F55328 /* Supporting Files */ = {
			isa = PBXGroup;
			children = (
				68D83A1B1CA63B0800561D89 /* Countries */,
				6835BCD11CA5DC9900316F14 /* Libs */,
				68DF738C1CA5577B00F55328 /* LaunchScreen.storyboard */,
				68DF738A1CA5577B00F55328 /* Assets.xcassets */,
				68DF737C1CA5577A00F55328 /* main.m */,
				68DF738F1CA5577B00F55328 /* Info.plist */,
				6835BCCB1CA5A39300316F14 /* TakeMeToTrip.json */,
			);
			name = "Supporting Files";
			sourceTree = "<group>";
		};
		68DF73971CA5577B00F55328 /* HackatoNTests */ = {
			isa = PBXGroup;
			children = (
				68DF73981CA5577B00F55328 /* HackatoNTests.m */,
				68DF739A1CA5577B00F55328 /* Info.plist */,
			);
			path = HackatoNTests;
			sourceTree = "<group>";
		};
		68DF73A21CA5577B00F55328 /* HackatoNUITests */ = {
			isa = PBXGroup;
			children = (
				68DF73A31CA5577B00F55328 /* HackatoNUITests.m */,
				68DF73A51CA5577B00F55328 /* Info.plist */,
			);
			path = HackatoNUITests;
			sourceTree = "<group>";
		};
		68DF73B11CA559F100F55328 /* CoreData */ = {
			isa = PBXGroup;
			children = (
				68DF73871CA5577B00F55328 /* HackatoN.xcdatamodeld */,
				6835BCC51CA55ED500316F14 /* DataManager.h */,
				6835BCC61CA55ED500316F14 /* DataManager.m */,
				6835BCC81CA59B6000316F14 /* CoreDataTableViewController.h */,
				6835BCC91CA59B6000316F14 /* CoreDataTableViewController.m */,
			);
			name = CoreData;
			sourceTree = "<group>";
		};
		68DF73B21CA559FC00F55328 /* Model */ = {
			isa = PBXGroup;
			children = (
				68DF73B31CA55A0F00F55328 /* Town+CoreDataProperties.h */,
				68DF73B41CA55A0F00F55328 /* Town.h */,
				68DF73B51CA55A0F00F55328 /* Town.m */,
				6835BCC11CA55C9000316F14 /* Country+CoreDataProperties.h */,
				6835BCC21CA55C9000316F14 /* Country.h */,
				6835BCC31CA55C9000316F14 /* Country.m */,
			);
			name = Model;
			sourceTree = "<group>";
		};
/* End PBXGroup section */

/* Begin PBXNativeTarget section */
		68DF73771CA5577A00F55328 /* HackatoN */ = {
			isa = PBXNativeTarget;
			buildConfigurationList = 68DF73A81CA5577B00F55328 /* Build configuration list for PBXNativeTarget "HackatoN" */;
			buildPhases = (
				68DF73741CA5577A00F55328 /* Sources */,
				68DF73751CA5577A00F55328 /* Frameworks */,
				68DF73761CA5577A00F55328 /* Resources */,
			);
			buildRules = (
			);
			dependencies = (
			);
			name = HackatoN;
			productName = HackatoN;
			productReference = 68DF73781CA5577A00F55328 /* HackatoN.app */;
			productType = "com.apple.product-type.application";
		};
		68DF73931CA5577B00F55328 /* HackatoNTests */ = {
			isa = PBXNativeTarget;
			buildConfigurationList = 68DF73AB1CA5577B00F55328 /* Build configuration list for PBXNativeTarget "HackatoNTests" */;
			buildPhases = (
				68DF73901CA5577B00F55328 /* Sources */,
				68DF73911CA5577B00F55328 /* Frameworks */,
				68DF73921CA5577B00F55328 /* Resources */,
			);
			buildRules = (
			);
			dependencies = (
				68DF73961CA5577B00F55328 /* PBXTargetDependency */,
			);
			name = HackatoNTests;
			productName = HackatoNTests;
			productReference = 68DF73941CA5577B00F55328 /* HackatoNTests.xctest */;
			productType = "com.apple.product-type.bundle.unit-test";
		};
		68DF739E1CA5577B00F55328 /* HackatoNUITests */ = {
			isa = PBXNativeTarget;
			buildConfigurationList = 68DF73AE1CA5577B00F55328 /* Build configuration list for PBXNativeTarget "HackatoNUITests" */;
			buildPhases = (
				68DF739B1CA5577B00F55328 /* Sources */,
				68DF739C1CA5577B00F55328 /* Frameworks */,
				68DF739D1CA5577B00F55328 /* Resources */,
			);
			buildRules = (
			);
			dependencies = (
				68DF73A11CA5577B00F55328 /* PBXTargetDependency */,
			);
			name = HackatoNUITests;
			productName = HackatoNUITests;
			productReference = 68DF739F1CA5577B00F55328 /* HackatoNUITests.xctest */;
			productType = "com.apple.product-type.bundle.ui-testing";
		};
/* End PBXNativeTarget section */

/* Begin PBXProject section */
		68DF73701CA5577A00F55328 /* Project object */ = {
			isa = PBXProject;
			attributes = {
				LastUpgradeCheck = 0730;
				ORGANIZATIONNAME = "Artem Belkov";
				TargetAttributes = {
					68DF73771CA5577A00F55328 = {
						CreatedOnToolsVersion = 7.3;
						DevelopmentTeam = CT884K7983;
					};
					68DF73931CA5577B00F55328 = {
						CreatedOnToolsVersion = 7.3;
						DevelopmentTeam = CT884K7983;
						TestTargetID = 68DF73771CA5577A00F55328;
					};
					68DF739E1CA5577B00F55328 = {
						CreatedOnToolsVersion = 7.3;
						DevelopmentTeam = CT884K7983;
						TestTargetID = 68DF73771CA5577A00F55328;
					};
				};
			};
			buildConfigurationList = 68DF73731CA5577A00F55328 /* Build configuration list for PBXProject "HackatoN" */;
			compatibilityVersion = "Xcode 3.2";
			developmentRegion = English;
			hasScannedForEncodings = 0;
			knownRegions = (
				en,
				Base,
			);
			mainGroup = 68DF736F1CA5577A00F55328;
			productRefGroup = 68DF73791CA5577A00F55328 /* Products */;
			projectDirPath = "";
			projectRoot = "";
			targets = (
				68DF73771CA5577A00F55328 /* HackatoN */,
				68DF73931CA5577B00F55328 /* HackatoNTests */,
				68DF739E1CA5577B00F55328 /* HackatoNUITests */,
			);
		};
/* End PBXProject section */

/* Begin PBXResourcesBuildPhase section */
		68DF73761CA5577A00F55328 /* Resources */ = {
			isa = PBXResourcesBuildPhase;
			buildActionMask = 2147483647;
			files = (
				68D83A291CA63B0800561D89 /* 6.gif in Resources */,
				68D83A281CA63B0800561D89 /* 5.gif in Resources */,
				68D83A251CA63B0800561D89 /* 2.gif in Resources */,
				68D83A241CA63B0800561D89 /* 1.gif in Resources */,
				68D83A231CA63B0800561D89 /* 0.gif in Resources */,
				68DF738E1CA5577B00F55328 /* LaunchScreen.storyboard in Resources */,
				68D83A261CA63B0800561D89 /* 3.gif in Resources */,
				68DF738B1CA5577B00F55328 /* Assets.xcassets in Resources */,
				68D83A271CA63B0800561D89 /* 4.gif in Resources */,
				6835BCCC1CA5A39300316F14 /* TakeMeToTrip.json in Resources */,
				68DF73861CA5577B00F55328 /* Main.storyboard in Resources */,
			);
			runOnlyForDeploymentPostprocessing = 0;
		};
		68DF73921CA5577B00F55328 /* Resources */ = {
			isa = PBXResourcesBuildPhase;
			buildActionMask = 2147483647;
			files = (
			);
			runOnlyForDeploymentPostprocessing = 0;
		};
		68DF739D1CA5577B00F55328 /* Resources */ = {
			isa = PBXResourcesBuildPhase;
			buildActionMask = 2147483647;
			files = (
			);
			runOnlyForDeploymentPostprocessing = 0;
		};
/* End PBXResourcesBuildPhase section */

/* Begin PBXSourcesBuildPhase section */
		68DF73741CA5577A00F55328 /* Sources */ = {
			isa = PBXSourcesBuildPhase;
			buildActionMask = 2147483647;
			files = (
				6835BCFD1CA5DC9900316F14 /* AFSecurityPolicy.m in Sources */,
				6835BCC41CA55C9000316F14 /* Country.m in Sources */,
				6835BCFC1CA5DC9900316F14 /* AFNetworkReachabilityManager.m in Sources */,
				6835BCCF1CA5CD1B00316F14 /* CountriesController.m in Sources */,
				6835BD021CA5DC9900316F14 /* AFNetworkActivityIndicatorManager.m in Sources */,
				6835BD061CA5DC9900316F14 /* UIImageView+AFNetworking.m in Sources */,
				6835BCFE1CA5DC9900316F14 /* AFURLConnectionOperation.m in Sources */,
				6835BD031CA5DC9900316F14 /* UIActivityIndicatorView+AFNetworking.m in Sources */,
				6835BD091CA5DC9900316F14 /* UIWebView+AFNetworking.m in Sources */,
				6835BCF91CA5DC9900316F14 /* AFHTTPRequestOperation.m in Sources */,
				6835BCFB1CA5DC9900316F14 /* AFHTTPSessionManager.m in Sources */,
				6835BD041CA5DC9900316F14 /* UIAlertView+AFNetworking.m in Sources */,
				6835BCFF1CA5DC9900316F14 /* AFURLRequestSerialization.m in Sources */,
				68DF73B61CA55A0F00F55328 /* Town.m in Sources */,
				6835BD011CA5DC9900316F14 /* AFURLSessionManager.m in Sources */,
				6835BCCA1CA59B6000316F14 /* CoreDataTableViewController.m in Sources */,
				6835BCFA1CA5DC9900316F14 /* AFHTTPRequestOperationManager.m in Sources */,
				6835BD071CA5DC9900316F14 /* UIProgressView+AFNetworking.m in Sources */,
				6835BCC71CA55ED500316F14 /* DataManager.m in Sources */,
				68D83A1A1CA6352700561D89 /* PickController.m in Sources */,
				6835BD051CA5DC9900316F14 /* UIButton+AFNetworking.m in Sources */,
				6835BD001CA5DC9900316F14 /* AFURLResponseSerialization.m in Sources */,
				68DF73831CA5577B00F55328 /* TownsController.m in Sources */,
				68DF73801CA5577A00F55328 /* AppDelegate.m in Sources */,
				6835BD081CA5DC9900316F14 /* UIRefreshControl+AFNetworking.m in Sources */,
				68DF73891CA5577B00F55328 /* HackatoN.xcdatamodeld in Sources */,
				68DF737D1CA5577A00F55328 /* main.m in Sources */,
			);
			runOnlyForDeploymentPostprocessing = 0;
		};
		68DF73901CA5577B00F55328 /* Sources */ = {
			isa = PBXSourcesBuildPhase;
			buildActionMask = 2147483647;
			files = (
				68DF73991CA5577B00F55328 /* HackatoNTests.m in Sources */,
			);
			runOnlyForDeploymentPostprocessing = 0;
		};
		68DF739B1CA5577B00F55328 /* Sources */ = {
			isa = PBXSourcesBuildPhase;
			buildActionMask = 2147483647;
			files = (
				68DF73A41CA5577B00F55328 /* HackatoNUITests.m in Sources */,
			);
			runOnlyForDeploymentPostprocessing = 0;
		};
/* End PBXSourcesBuildPhase section */

/* Begin PBXTargetDependency section */
		68DF73961CA5577B00F55328 /* PBXTargetDependency */ = {
			isa = PBXTargetDependency;
			target = 68DF73771CA5577A00F55328 /* HackatoN */;
			targetProxy = 68DF73951CA5577B00F55328 /* PBXContainerItemProxy */;
		};
		68DF73A11CA5577B00F55328 /* PBXTargetDependency */ = {
			isa = PBXTargetDependency;
			target = 68DF73771CA5577A00F55328 /* HackatoN */;
			targetProxy = 68DF73A01CA5577B00F55328 /* PBXContainerItemProxy */;
		};
/* End PBXTargetDependency section */

/* Begin PBXVariantGroup section */
		68DF73841CA5577B00F55328 /* Main.storyboard */ = {
			isa = PBXVariantGroup;
			children = (
				68DF73851CA5577B00F55328 /* Base */,
			);
			name = Main.storyboard;
			sourceTree = "<group>";
		};
		68DF738C1CA5577B00F55328 /* LaunchScreen.storyboard */ = {
			isa = PBXVariantGroup;
			children = (
				68DF738D1CA5577B00F55328 /* Base */,
			);
			name = LaunchScreen.storyboard;
			sourceTree = "<group>";
		};
/* End PBXVariantGroup section */

/* Begin XCBuildConfiguration section */
		68DF73A61CA5577B00F55328 /* Debug */ = {
			isa = XCBuildConfiguration;
			buildSettings = {
				ALWAYS_SEARCH_USER_PATHS = NO;
				CLANG_ANALYZER_NONNULL = YES;
				CLANG_CXX_LANGUAGE_STANDARD = "gnu++0x";
				CLANG_CXX_LIBRARY = "libc++";
				CLANG_ENABLE_MODULES = YES;
				CLANG_ENABLE_OBJC_ARC = YES;
				CLANG_WARN_BOOL_CONVERSION = YES;
				CLANG_WARN_CONSTANT_CONVERSION = YES;
				CLANG_WARN_DIRECT_OBJC_ISA_USAGE = YES_ERROR;
				CLANG_WARN_EMPTY_BODY = YES;
				CLANG_WARN_ENUM_CONVERSION = YES;
				CLANG_WARN_INT_CONVERSION = YES;
				CLANG_WARN_OBJC_ROOT_CLASS = YES_ERROR;
				CLANG_WARN_UNREACHABLE_CODE = YES;
				CLANG_WARN__DUPLICATE_METHOD_MATCH = YES;
				"CODE_SIGN_IDENTITY[sdk=iphoneos*]" = "iPhone Developer";
				COPY_PHASE_STRIP = NO;
				DEBUG_INFORMATION_FORMAT = dwarf;
				ENABLE_STRICT_OBJC_MSGSEND = YES;
				ENABLE_TESTABILITY = YES;
				GCC_C_LANGUAGE_STANDARD = gnu99;
				GCC_DYNAMIC_NO_PIC = NO;
				GCC_NO_COMMON_BLOCKS = YES;
				GCC_OPTIMIZATION_LEVEL = 0;
				GCC_PREPROCESSOR_DEFINITIONS = (
					"DEBUG=1",
					"$(inherited)",
				);
				GCC_WARN_64_TO_32_BIT_CONVERSION = YES;
				GCC_WARN_ABOUT_RETURN_TYPE = YES_ERROR;
				GCC_WARN_UNDECLARED_SELECTOR = YES;
				GCC_WARN_UNINITIALIZED_AUTOS = YES_AGGRESSIVE;
				GCC_WARN_UNUSED_FUNCTION = YES;
				GCC_WARN_UNUSED_VARIABLE = YES;
				IPHONEOS_DEPLOYMENT_TARGET = 9.3;
				MTL_ENABLE_DEBUG_INFO = YES;
				ONLY_ACTIVE_ARCH = YES;
				SDKROOT = iphoneos;
			};
			name = Debug;
		};
		68DF73A71CA5577B00F55328 /* Release */ = {
			isa = XCBuildConfiguration;
			buildSettings = {
				ALWAYS_SEARCH_USER_PATHS = NO;
				CLANG_ANALYZER_NONNULL = YES;
				CLANG_CXX_LANGUAGE_STANDARD = "gnu++0x";
				CLANG_CXX_LIBRARY = "libc++";
				CLANG_ENABLE_MODULES = YES;
				CLANG_ENABLE_OBJC_ARC = YES;
				CLANG_WARN_BOOL_CONVERSION = YES;
				CLANG_WARN_CONSTANT_CONVERSION = YES;
				CLANG_WARN_DIRECT_OBJC_ISA_USAGE = YES_ERROR;
				CLANG_WARN_EMPTY_BODY = YES;
				CLANG_WARN_ENUM_CONVERSION = YES;
				CLANG_WARN_INT_CONVERSION = YES;
				CLANG_WARN_OBJC_ROOT_CLASS = YES_ERROR;
				CLANG_WARN_UNREACHABLE_CODE = YES;
				CLANG_WARN__DUPLICATE_METHOD_MATCH = YES;
				"CODE_SIGN_IDENTITY[sdk=iphoneos*]" = "iPhone Developer";
				COPY_PHASE_STRIP = NO;
				DEBUG_INFORMATION_FORMAT = "dwarf-with-dsym";
				ENABLE_NS_ASSERTIONS = NO;
				ENABLE_STRICT_OBJC_MSGSEND = YES;
				GCC_C_LANGUAGE_STANDARD = gnu99;
				GCC_NO_COMMON_BLOCKS = YES;
				GCC_WARN_64_TO_32_BIT_CONVERSION = YES;
				GCC_WARN_ABOUT_RETURN_TYPE = YES_ERROR;
				GCC_WARN_UNDECLARED_SELECTOR = YES;
				GCC_WARN_UNINITIALIZED_AUTOS = YES_AGGRESSIVE;
				GCC_WARN_UNUSED_FUNCTION = YES;
				GCC_WARN_UNUSED_VARIABLE = YES;
				IPHONEOS_DEPLOYMENT_TARGET = 9.3;
				MTL_ENABLE_DEBUG_INFO = NO;
				SDKROOT = iphoneos;
				VALIDATE_PRODUCT = YES;
			};
			name = Release;
		};
		68DF73A91CA5577B00F55328 /* Debug */ = {
			isa = XCBuildConfiguration;
			buildSettings = {
				ASSETCATALOG_COMPILER_APPICON_NAME = AppIcon;
				INFOPLIST_FILE = HackatoN/Info.plist;
				IPHONEOS_DEPLOYMENT_TARGET = 8.0;
				LD_RUNPATH_SEARCH_PATHS = "$(inherited) @executable_path/Frameworks";
				PRODUCT_BUNDLE_IDENTIFIER = com.artembelkov.HackatoN;
				PRODUCT_NAME = "$(TARGET_NAME)";
			};
			name = Debug;
		};
		68DF73AA1CA5577B00F55328 /* Release */ = {
			isa = XCBuildConfiguration;
			buildSettings = {
				ASSETCATALOG_COMPILER_APPICON_NAME = AppIcon;
				INFOPLIST_FILE = HackatoN/Info.plist;
				IPHONEOS_DEPLOYMENT_TARGET = 8.0;
				LD_RUNPATH_SEARCH_PATHS = "$(inherited) @executable_path/Frameworks";
				PRODUCT_BUNDLE_IDENTIFIER = com.artembelkov.HackatoN;
				PRODUCT_NAME = "$(TARGET_NAME)";
			};
			name = Release;
		};
		68DF73AC1CA5577B00F55328 /* Debug */ = {
			isa = XCBuildConfiguration;
			buildSettings = {
				BUNDLE_LOADER = "$(TEST_HOST)";
				INFOPLIST_FILE = HackatoNTests/Info.plist;
				LD_RUNPATH_SEARCH_PATHS = "$(inherited) @executable_path/Frameworks @loader_path/Frameworks";
				PRODUCT_BUNDLE_IDENTIFIER = com.artembelkov.HackatoNTests;
				PRODUCT_NAME = "$(TARGET_NAME)";
				TEST_HOST = "$(BUILT_PRODUCTS_DIR)/HackatoN.app/HackatoN";
			};
			name = Debug;
		};
		68DF73AD1CA5577B00F55328 /* Release */ = {
			isa = XCBuildConfiguration;
			buildSettings = {
				BUNDLE_LOADER = "$(TEST_HOST)";
				INFOPLIST_FILE = HackatoNTests/Info.plist;
				LD_RUNPATH_SEARCH_PATHS = "$(inherited) @executable_path/Frameworks @loader_path/Frameworks";
				PRODUCT_BUNDLE_IDENTIFIER = com.artembelkov.HackatoNTests;
				PRODUCT_NAME = "$(TARGET_NAME)";
				TEST_HOST = "$(BUILT_PRODUCTS_DIR)/HackatoN.app/HackatoN";
			};
			name = Release;
		};
		68DF73AF1CA5577B00F55328 /* Debug */ = {
			isa = XCBuildConfiguration;
			buildSettings = {
				INFOPLIST_FILE = HackatoNUITests/Info.plist;
				LD_RUNPATH_SEARCH_PATHS = "$(inherited) @executable_path/Frameworks @loader_path/Frameworks";
				PRODUCT_BUNDLE_IDENTIFIER = com.artembelkov.HackatoNUITests;
				PRODUCT_NAME = "$(TARGET_NAME)";
				TEST_TARGET_NAME = HackatoN;
			};
			name = Debug;
		};
		68DF73B01CA5577B00F55328 /* Release */ = {
			isa = XCBuildConfiguration;
			buildSettings = {
				INFOPLIST_FILE = HackatoNUITests/Info.plist;
				LD_RUNPATH_SEARCH_PATHS = "$(inherited) @executable_path/Frameworks @loader_path/Frameworks";
				PRODUCT_BUNDLE_IDENTIFIER = com.artembelkov.HackatoNUITests;
				PRODUCT_NAME = "$(TARGET_NAME)";
				TEST_TARGET_NAME = HackatoN;
			};
			name = Release;
		};
/* End XCBuildConfiguration section */

/* Begin XCConfigurationList section */
		68DF73731CA5577A00F55328 /* Build configuration list for PBXProject "HackatoN" */ = {
			isa = XCConfigurationList;
			buildConfigurations = (
				68DF73A61CA5577B00F55328 /* Debug */,
				68DF73A71CA5577B00F55328 /* Release */,
			);
			defaultConfigurationIsVisible = 0;
			defaultConfigurationName = Release;
		};
		68DF73A81CA5577B00F55328 /* Build configuration list for PBXNativeTarget "HackatoN" */ = {
			isa = XCConfigurationList;
			buildConfigurations = (
				68DF73A91CA5577B00F55328 /* Debug */,
				68DF73AA1CA5577B00F55328 /* Release */,
			);
			defaultConfigurationIsVisible = 0;
			defaultConfigurationName = Release;
		};
		68DF73AB1CA5577B00F55328 /* Build configuration list for PBXNativeTarget "HackatoNTests" */ = {
			isa = XCConfigurationList;
			buildConfigurations = (
				68DF73AC1CA5577B00F55328 /* Debug */,
				68DF73AD1CA5577B00F55328 /* Release */,
			);
			defaultConfigurationIsVisible = 0;
			defaultConfigurationName = Release;
		};
		68DF73AE1CA5577B00F55328 /* Build configuration list for PBXNativeTarget "HackatoNUITests" */ = {
			isa = XCConfigurationList;
			buildConfigurations = (
				68DF73AF1CA5577B00F55328 /* Debug */,
				68DF73B01CA5577B00F55328 /* Release */,
			);
			defaultConfigurationIsVisible = 0;
			defaultConfigurationName = Release;
		};
/* End XCConfigurationList section */

/* Begin XCVersionGroup section */
		68DF73871CA5577B00F55328 /* HackatoN.xcdatamodeld */ = {
			isa = XCVersionGroup;
			children = (
				68DF73881CA5577B00F55328 /* HackatoN.xcdatamodel */,
			);
			currentVersion = 68DF73881CA5577B00F55328 /* HackatoN.xcdatamodel */;
			path = HackatoN.xcdatamodeld;
			sourceTree = "<group>";
			versionGroupType = wrapper.xcdatamodel;
		};
/* End XCVersionGroup section */
	};
	rootObject = 68DF73701CA5577A00F55328 /* Project object */;
}
